dependencies:
- name: postgresql
  repository: https://kubernetes-charts.storage.googleapis.com
  version: 1.0.0
- name: redis
  repository: https://kubernetes-charts.storage.googleapis.com
  version: 4.2.1
- name: elasticsearch
  repository: https://kubernetes-charts.storage.googleapis.com
  version: 1.11.1
digest: sha256:80b13e11c4f0526d684765e8cf15dd0edcd8c21d7463b3d75afa9d97472b34a6
generated: 2018-10-18T10:10:19.12451577+01:00
